
Microsoft Visual Studio Solution File, Format Version 12.00
# Visual Studio 14
VisualStudioVersion = 14.0.25123.0
MinimumVisualStudioVersion = 10.0.40219.1
Project("{FAE04EC0-301F-11D3-BF4B-00C04F79EFBC}") = "AD9833Control", "AD9833Control\AD9833Control.csproj", "{985ECD34-ED3D-4814-AC33-ACFFEE40153E}"
EndProject
Global
	GlobalSection(SolutionConfigurationPlatforms) = preSolution
		Debug|Any CPU = Debug|Any CPU
		Release|Any CPU = Release|Any CPU
	EndGlobalSection
	GlobalSection(ProjectConfigurationPlatforms) = postSolution
		{985ECD34-ED3D-4814-AC33-ACFFEE40153E}.Debug|Any CPU.ActiveCfg = Debug|Any CPU
		{985ECD34-ED3D-4814-AC33-ACFFEE40153E}.Debug|Any CPU.Build.0 = Debug|Any CPU
		{985ECD34-ED3D-4814-AC33-ACFFEE40153E}.Release|Any CPU.ActiveCfg = Release|Any CPU
		{985ECD34-ED3D-4814-AC33-ACFFEE40153E}.Release|Any CPU.Build.0 = Release|Any CPU
	EndGlobalSection
	GlobalSection(SolutionProperties) = preSolution
		HideSolutionNode = FALSE
	EndGlobalSection
EndGlobal
